
Microsoft Visual Studio Solution File, Format Version 12.00
# Visual Studio Version 17
VisualStudioVersion = 17.9.34701.34
MinimumVisualStudioVersion = 10.0.40219.1
Project("{FAE04EC0-301F-11D3-BF4B-00C04F79EFBC}") = "21.04.2024", "21.04.2024\21.04.2024.csproj", "{AB6E6CF7-B2AE-4DA9-91A7-355EE07C5D2B}"
EndProject
Global
	GlobalSection(SolutionConfigurationPlatforms) = preSolution
		Debug|Any CPU = Debug|Any CPU
		Release|Any CPU = Release|Any CPU
	EndGlobalSection
	GlobalSection(ProjectConfigurationPlatforms) = postSolution
		{AB6E6CF7-B2AE-4DA9-91A7-355EE07C5D2B}.Debug|Any CPU.ActiveCfg = Debug|Any CPU
		{AB6E6CF7-B2AE-4DA9-91A7-355EE07C5D2B}.Debug|Any CPU.Build.0 = Debug|Any CPU
		{AB6E6CF7-B2AE-4DA9-91A7-355EE07C5D2B}.Release|Any CPU.ActiveCfg = Release|Any CPU
		{AB6E6CF7-B2AE-4DA9-91A7-355EE07C5D2B}.Release|Any CPU.Build.0 = Release|Any CPU
	EndGlobalSection
	GlobalSection(SolutionProperties) = preSolution
		HideSolutionNode = FALSE
	EndGlobalSection
	GlobalSection(ExtensibilityGlobals) = postSolution
		SolutionGuid = {9FF181B5-AA38-4A2A-9628-62055CC5CDD3}
	EndGlobalSection
EndGlobal
